
Microsoft Visual Studio Solution File, Format Version 12.00
# Visual Studio Version 17
VisualStudioVersion = 17.9.34607.119
MinimumVisualStudioVersion = 10.0.40219.1
Project("{FAE04EC0-301F-11D3-BF4B-00C04F79EFBC}") = "BTGOpcoes", "BTGOpcoes.csproj", "{F445B1A9-ACED-4A0A-878A-A9E7ACE37389}"
EndProject
Global
	GlobalSection(SolutionConfigurationPlatforms) = preSolution
		Debug|Any CPU = Debug|Any CPU
		Release|Any CPU = Release|Any CPU
	EndGlobalSection
	GlobalSection(ProjectConfigurationPlatforms) = postSolution
		{F445B1A9-ACED-4A0A-878A-A9E7ACE37389}.Debug|Any CPU.ActiveCfg = Debug|Any CPU
		{F445B1A9-ACED-4A0A-878A-A9E7ACE37389}.Debug|Any CPU.Build.0 = Debug|Any CPU
		{F445B1A9-ACED-4A0A-878A-A9E7ACE37389}.Debug|Any CPU.Deploy.0 = Debug|Any CPU
		{F445B1A9-ACED-4A0A-878A-A9E7ACE37389}.Release|Any CPU.ActiveCfg = Release|Any CPU
		{F445B1A9-ACED-4A0A-878A-A9E7ACE37389}.Release|Any CPU.Build.0 = Release|Any CPU
		{F445B1A9-ACED-4A0A-878A-A9E7ACE37389}.Release|Any CPU.Deploy.0 = Release|Any CPU
	EndGlobalSection
	GlobalSection(SolutionProperties) = preSolution
		HideSolutionNode = FALSE
	EndGlobalSection
	GlobalSection(ExtensibilityGlobals) = postSolution
		SolutionGuid = {499C3A8C-DC97-4630-8F63-4F36F39FB21A}
	EndGlobalSection
EndGlobal
